
Microsoft Visual Studio Solution File, Format Version 12.00
# Visual Studio Version 17
VisualStudioVersion = 17.0.31903.59
MinimumVisualStudioVersion = 10.0.40219.1
Project("{2150E333-8FDC-42A3-9474-1A3956D46DE8}") = "Core", "Core", "{346457E2-2F2F-47E9-9B31-371E53D06C23}"
EndProject
Project("{2150E333-8FDC-42A3-9474-1A3956D46DE8}") = "UseCases", "UseCases", "{2FCEA46D-B714-5635-511A-5E5E92DCC738}"
EndProject
Project("{2150E333-8FDC-42A3-9474-1A3956D46DE8}") = "Presenters", "Presenters", "{F9018DC1-FA2E-7905-A09A-6553D14836D8}"
EndProject
Project("{2150E333-8FDC-42A3-9474-1A3956D46DE8}") = "Infrastructure", "Infrastructure", "{96A8A59A-C5D9-D438-0347-CE95BA874BBD}"
EndProject
Project("{FAE04EC0-301F-11D3-BF4B-00C04F79EFBC}") = "DirectoryService.Core", "Core\DirectoryService.Core\DirectoryService.Core.csproj", "{ABC8751A-3CD9-43EF-8019-F08BEF2DBE82}"
EndProject
Global
	GlobalSection(SolutionConfigurationPlatforms) = preSolution
		Debug|Any CPU = Debug|Any CPU
		Debug|x64 = Debug|x64
		Debug|x86 = Debug|x86
		Release|Any CPU = Release|Any CPU
		Release|x64 = Release|x64
		Release|x86 = Release|x86
	EndGlobalSection
	GlobalSection(ProjectConfigurationPlatforms) = postSolution
		{ABC8751A-3CD9-43EF-8019-F08BEF2DBE82}.Debug|Any CPU.ActiveCfg = Debug|Any CPU
		{ABC8751A-3CD9-43EF-8019-F08BEF2DBE82}.Debug|Any CPU.Build.0 = Debug|Any CPU
		{ABC8751A-3CD9-43EF-8019-F08BEF2DBE82}.Debug|x64.ActiveCfg = Debug|Any CPU
		{ABC8751A-3CD9-43EF-8019-F08BEF2DBE82}.Debug|x64.Build.0 = Debug|Any CPU
		{ABC8751A-3CD9-43EF-8019-F08BEF2DBE82}.Debug|x86.ActiveCfg = Debug|Any CPU
		{ABC8751A-3CD9-43EF-8019-F08BEF2DBE82}.Debug|x86.Build.0 = Debug|Any CPU
		{ABC8751A-3CD9-43EF-8019-F08BEF2DBE82}.Release|Any CPU.ActiveCfg = Release|Any CPU
		{ABC8751A-3CD9-43EF-8019-F08BEF2DBE82}.Release|Any CPU.Build.0 = Release|Any CPU
		{ABC8751A-3CD9-43EF-8019-F08BEF2DBE82}.Release|x64.ActiveCfg = Release|Any CPU
		{ABC8751A-3CD9-43EF-8019-F08BEF2DBE82}.Release|x64.Build.0 = Release|Any CPU
		{ABC8751A-3CD9-43EF-8019-F08BEF2DBE82}.Release|x86.ActiveCfg = Release|Any CPU
		{ABC8751A-3CD9-43EF-8019-F08BEF2DBE82}.Release|x86.Build.0 = Release|Any CPU
	EndGlobalSection
	GlobalSection(SolutionProperties) = preSolution
		HideSolutionNode = FALSE
	EndGlobalSection
	GlobalSection(NestedProjects) = preSolution
		{ABC8751A-3CD9-43EF-8019-F08BEF2DBE82} = {346457E2-2F2F-47E9-9B31-371E53D06C23}
	EndGlobalSection
EndGlobal
